hash: 24ad4e2c2fe8ebc2112b0b76ad61a5ce39b016d1314f72ebf30f16c85fb1925d
updated: 2017-05-04T10:27:51.410208727Z
imports:
- name: collectd.org
  version: e84e8af5356e7f47485bbc95c96da6dd7984a67e
  subpackages:
  - api
  - cdtime
  - network
- name: github.com/armon/go-metrics
  version: 345426c77237ece5dab0e1605c3e4b35c3f54757
- name: github.com/bmizerany/pat
  version: c068ca2f0aacee5ac3681d68e4d0a003b7d1fd2c
- name: github.com/boltdb/bolt
  version: 4b1ebc1869ad66568b313d0dc410e2be72670dda
- name: github.com/BurntSushi/toml
  version: 99064174e013895bbd9b025c31100bd1d9b590ca
- name: github.com/cespare/xxhash
  version: 4a94f899c20bc44d4f5f807cb14529e72aca99d6
- name: github.com/dgrijalva/jwt-go
  version: 24c63f56522a87ec5339cc3567883f1039378fdb
- name: github.com/dgryski/go-bits
  version: 2ad8d707cc05b1815ce6ff2543bb5e8d8f9298ef
- name: github.com/dgryski/go-bitstream
  version: 7d46cd22db7004f0cceb6f7975824b560cf0e486
- name: github.com/gogo/protobuf
  version: a9cd0c35b97daf74d0ebf3514c5254814b2703b4
  subpackages:
  - proto
- name: github.com/golang/snappy
  version: d9eb7a3d35ec988b8585d4a0068e462c27d28380
- name: github.com/hashicorp/go-msgpack
  version: fa3f63826f7c23912c15263591e65d54d080b458
  subpackages:
  - codec
- name: github.com/hashicorp/raft
  version: 8fd9a2fdfd154f4b393aa24cff91e3c317efe839
- name: github.com/hashicorp/raft-boltdb
  version: d1e82c1ec3f15ee991f7cc7ffd5b67ff6f5bbaee
- name: github.com/influxdata/influxdb
  version: 74aa2aa9ae830cd11b8e975e85bb60e61d8d1f21
  subpackages:
  - client/v2
  - cmd
  - cmd/influxd/backup
  - cmd/influxd/help
  - cmd/influxd/restore
  - cmd/influxd/run
  - coordinator
  - influxql
  - influxql/internal
  - influxql/neldermead
  - models
  - monitor
  - monitor/diagnostics
  - pkg/escape
  - pkg/limiter
  - pkg/pool
  - services/admin
  - services/admin/statik
  - services/collectd
  - services/continuous_querier
  - services/graphite
  - services/httpd
  - services/meta
  - services/meta/internal
  - services/opentsdb
  - services/precreator
  - services/retention
  - services/snapshotter
  - services/subscriber
  - services/udp
  - tcp
  - toml
  - tsdb
  - tsdb/engine
  - tsdb/engine/tsm1
  - tsdb/internal
  - uuid
- name: github.com/influxdata/usage-client
  version: 6d3895376368aa52a3a81d2a16e90f0f52371967
  subpackages:
  - v1
- name: github.com/jwilder/encoding
  version: 4dada27c33277820fe35c7ee71ed34fbc9477d00
  subpackages:
  - simple8b
- name: github.com/rakyll/statik
  version: e383bbf6b2ec1a2fb8492dfd152d945fb88919b6
  subpackages:
  - fs
- name: github.com/uber-go/atomic
  version: 74ca5ec650841aee9f289dce76e928313a37cbc6
- name: github.com/uber-go/zap
  version: fbae0281ffd546fa6d1959fec6075ac5da7fb577
- name: github.com/zhexuany/influxcloud
  version: f343c56ff9988119c006ba780514408779244aef
  subpackages:
  - cluster
  - cmd/influxd-meta/run
  - hh
  - meta
  - meta/internal
  - rpc
  - rpc/internal
  - tlv
- name: golang.org/x/crypto
  version: 9477e0b78b9ac3d0b03822fd95422e2fe07627cd
  subpackages:
  - bcrypt
  - blowfish
- name: golang.org/x/sys
  version: f3918c30c5c2cb527c0b071a27c35120a6c0719a
  subpackages:
  - unix
- name: gopkg.in/fatih/pool.v2
  version: cba550ebf9bce999a02e963296d4bc7a486cb715
testImports:
- name: github.com/davecgh/go-spew
  version: 346938d642f2ec3594ed81d874461961cd0faa76
  subpackages:
  - spew
